
Microsoft Visual Studio Solution File, Format Version 12.00
# Visual Studio Version 17
VisualStudioVersion = 17.2.32526.322
MinimumVisualStudioVersion = 10.0.40219.1
Project("{2150E333-8FDC-42A3-9474-1A3956D46DE8}") = "Clinic Management", "Clinic Management", "{912F9436-BAE5-4857-B535-D655067CC7A3}"
EndProject
Project("{2150E333-8FDC-42A3-9474-1A3956D46DE8}") = "Docker", "Docker", "{8C218007-3A65-4E63-BFB7-0EA7E99ED81C}"
	ProjectSection(SolutionItems) = preProject
		..\ClinicManagement\docker-compose.override.yml = ..\ClinicManagement\docker-compose.override.yml
		..\ClinicManagement\docker-compose.yml = ..\ClinicManagement\docker-compose.yml
	EndProjectSection
EndProject
Project("{2150E333-8FDC-42A3-9474-1A3956D46DE8}") = "src", "src", "{8AF66511-563A-46BD-91A7-BDB0C180608E}"
EndProject
Project("{2150E333-8FDC-42A3-9474-1A3956D46DE8}") = "tests", "tests", "{786CC2D6-7F0B-4487-8992-4BD38886853B}"
	ProjectSection(SolutionItems) = preProject
		..\ClinicManagement\tests\FunctionalTests\FunctionalTests.csproj = ..\ClinicManagement\tests\FunctionalTests\FunctionalTests.csproj
	EndProjectSection
EndProject
Project("{9A19103F-16F7-4668-BE54-9A1E7A4F7556}") = "ClinicManagement.Api", "..\ClinicManagement\src\ClinicManagement.Api\ClinicManagement.Api.csproj", "{7364021C-B6C3-41A5-9344-C1622176C15E}"
EndProject
Project("{9A19103F-16F7-4668-BE54-9A1E7A4F7556}") = "ClinicManagement.Blazor", "..\ClinicManagement\src\ClinicManagement.Blazor\ClinicManagement.Blazor.csproj", "{F7241D6F-EF6E-404F-A068-A5AC393EFD4C}"
EndProject
Project("{9A19103F-16F7-4668-BE54-9A1E7A4F7556}") = "ClinicManagement.Blazor.Host", "..\ClinicManagement\src\ClinicManagement.Blazor.Host\ClinicManagement.Blazor.Host.csproj", "{58600D4D-7B4F-46CB-91FE-1089EF19BF36}"
EndProject
Project("{9A19103F-16F7-4668-BE54-9A1E7A4F7556}") = "ClinicManagement.BlazorShared", "..\ClinicManagement\src\ClinicManagement.BlazorShared\ClinicManagement.BlazorShared.csproj", "{B0C4BA64-63E8-4225-B5A1-A6540F819308}"
EndProject
Project("{9A19103F-16F7-4668-BE54-9A1E7A4F7556}") = "ClinicManagement.Core", "..\ClinicManagement\src\ClinicManagement.Core\ClinicManagement.Core.csproj", "{96F10007-3082-4E0E-962D-6C5E804F43B0}"
EndProject
Project("{9A19103F-16F7-4668-BE54-9A1E7A4F7556}") = "ClinicManagement.Infrastructure", "..\ClinicManagement\src\ClinicManagement.Infrastructure\ClinicManagement.Infrastructure.csproj", "{939B0315-B687-4BB0-82A0-55BEF479768A}"
EndProject
Project("{9A19103F-16F7-4668-BE54-9A1E7A4F7556}") = "IntegrationTests", "..\ClinicManagement\tests\IntegrationTests\IntegrationTests.csproj", "{5F3E49C9-83BC-4FF2-A8E7-B52ED7D6947F}"
EndProject
Project("{9A19103F-16F7-4668-BE54-9A1E7A4F7556}") = "UnitTests", "..\ClinicManagement\tests\UnitTests\UnitTests.csproj", "{B4306840-D3FC-4279-8A88-C719626ACF86}"
EndProject
Project("{2150E333-8FDC-42A3-9474-1A3956D46DE8}") = "Front Desk", "Front Desk", "{9D3DEB65-AD37-4514-9294-56614747DB91}"
EndProject
Project("{2150E333-8FDC-42A3-9474-1A3956D46DE8}") = "tests", "tests", "{D9BAB067-BDCA-4E5F-A606-AB107B056D71}"
EndProject
Project("{2150E333-8FDC-42A3-9474-1A3956D46DE8}") = "src", "src", "{CE0478C3-5CAF-48C3-B423-34B590114BB1}"
EndProject
Project("{9A19103F-16F7-4668-BE54-9A1E7A4F7556}") = "BlazorShared", "..\FrontDesk\src\BlazorShared\BlazorShared.csproj", "{4EF8B6E9-CE51-4931-9F6E-5B6006059186}"
EndProject
Project("{9A19103F-16F7-4668-BE54-9A1E7A4F7556}") = "FrontDesk.Api", "..\FrontDesk\src\FrontDesk.Api\FrontDesk.Api.csproj", "{09544CDB-D558-4839-B8D9-679B099BE7E5}"
EndProject
Project("{9A19103F-16F7-4668-BE54-9A1E7A4F7556}") = "FrontDesk.Blazor", "..\FrontDesk\src\FrontDesk.Blazor\FrontDesk.Blazor.csproj", "{7711D8AF-D12A-4578-991C-B6908DC34BE5}"
EndProject
Project("{9A19103F-16F7-4668-BE54-9A1E7A4F7556}") = "FrontDesk.Blazor.Host", "..\FrontDesk\src\FrontDesk.Blazor.Host\FrontDesk.Blazor.Host.csproj", "{DE7CE9F4-3E97-42EF-B212-25B9F267FE48}"
EndProject
Project("{9A19103F-16F7-4668-BE54-9A1E7A4F7556}") = "FrontDesk.Core", "..\FrontDesk\src\FrontDesk.Core\FrontDesk.Core.csproj", "{6EE754EB-B9AA-4CA9-AE74-02CAF40787B7}"
EndProject
Project("{9A19103F-16F7-4668-BE54-9A1E7A4F7556}") = "FrontDesk.Infrastructure", "..\FrontDesk\src\FrontDesk.Infrastructure\FrontDesk.Infrastructure.csproj", "{1163D3F1-343D-42DF-A24A-BE6EA52F5C56}"
EndProject
Project("{9A19103F-16F7-4668-BE54-9A1E7A4F7556}") = "FunctionalTests", "..\FrontDesk\tests\FunctionalTests\FunctionalTests.csproj", "{F7F0CC9D-1026-4DA6-9E86-E671828DB7B4}"
EndProject
Project("{9A19103F-16F7-4668-BE54-9A1E7A4F7556}") = "IntegrationTests", "..\FrontDesk\tests\IntegrationTests\IntegrationTests.csproj", "{544DDAA3-B8CE-4250-BEAD-EB5A6DD6C566}"
EndProject
Project("{9A19103F-16F7-4668-BE54-9A1E7A4F7556}") = "UnitTests", "..\FrontDesk\tests\UnitTests\UnitTests.csproj", "{44FBF102-9AF4-4501-B190-3133F3ADE986}"
EndProject
Project("{2150E333-8FDC-42A3-9474-1A3956D46DE8}") = "Vet Clinic Public", "Vet Clinic Public", "{0A47A452-DE78-4F36-AA0E-5D71D0BF925A}"
EndProject
Project("{2150E333-8FDC-42A3-9474-1A3956D46DE8}") = "src", "src", "{134C1CFA-6BB7-4D94-AFB3-FFC3DB725B6E}"
EndProject
Project("{2150E333-8FDC-42A3-9474-1A3956D46DE8}") = "tests", "tests", "{C5BC8785-0ECA-4CED-A414-234D9767AB36}"
EndProject
Project("{9A19103F-16F7-4668-BE54-9A1E7A4F7556}") = "VetClinicPublic", "..\VetClinicPublic\src\VetClinicPublic\VetClinicPublic.csproj", "{6A671E78-5EE6-4558-9A34-8BCB18EF547F}"
EndProject
Global
	GlobalSection(SolutionConfigurationPlatforms) = preSolution
		Debug|Any CPU = Debug|Any CPU
		Release|Any CPU = Release|Any CPU
	EndGlobalSection
	GlobalSection(ProjectConfigurationPlatforms) = postSolution
		{7364021C-B6C3-41A5-9344-C1622176C15E}.Debug|Any CPU.ActiveCfg = Debug|Any CPU
		{7364021C-B6C3-41A5-9344-C1622176C15E}.Debug|Any CPU.Build.0 = Debug|Any CPU
		{7364021C-B6C3-41A5-9344-C1622176C15E}.Release|Any CPU.ActiveCfg = Release|Any CPU
		{7364021C-B6C3-41A5-9344-C1622176C15E}.Release|Any CPU.Build.0 = Release|Any CPU
		{F7241D6F-EF6E-404F-A068-A5AC393EFD4C}.Debug|Any CPU.ActiveCfg = Debug|Any CPU
		{F7241D6F-EF6E-404F-A068-A5AC393EFD4C}.Debug|Any CPU.Build.0 = Debug|Any CPU
		{F7241D6F-EF6E-404F-A068-A5AC393EFD4C}.Release|Any CPU.ActiveCfg = Release|Any CPU
		{F7241D6F-EF6E-404F-A068-A5AC393EFD4C}.Release|Any CPU.Build.0 = Release|Any CPU
		{58600D4D-7B4F-46CB-91FE-1089EF19BF36}.Debug|Any CPU.ActiveCfg = Debug|Any CPU
		{58600D4D-7B4F-46CB-91FE-1089EF19BF36}.Debug|Any CPU.Build.0 = Debug|Any CPU
		{58600D4D-7B4F-46CB-91FE-1089EF19BF36}.Release|Any CPU.ActiveCfg = Release|Any CPU
		{58600D4D-7B4F-46CB-91FE-1089EF19BF36}.Release|Any CPU.Build.0 = Release|Any CPU
		{B0C4BA64-63E8-4225-B5A1-A6540F819308}.Debug|Any CPU.ActiveCfg = Debug|Any CPU
		{B0C4BA64-63E8-4225-B5A1-A6540F819308}.Debug|Any CPU.Build.0 = Debug|Any CPU
		{B0C4BA64-63E8-4225-B5A1-A6540F819308}.Release|Any CPU.ActiveCfg = Release|Any CPU
		{B0C4BA64-63E8-4225-B5A1-A6540F819308}.Release|Any CPU.Build.0 = Release|Any CPU
		{96F10007-3082-4E0E-962D-6C5E804F43B0}.Debug|Any CPU.ActiveCfg = Debug|Any CPU
		{96F10007-3082-4E0E-962D-6C5E804F43B0}.Debug|Any CPU.Build.0 = Debug|Any CPU
		{96F10007-3082-4E0E-962D-6C5E804F43B0}.Release|Any CPU.ActiveCfg = Release|Any CPU
		{96F10007-3082-4E0E-962D-6C5E804F43B0}.Release|Any CPU.Build.0 = Release|Any CPU
		{939B0315-B687-4BB0-82A0-55BEF479768A}.Debug|Any CPU.ActiveCfg = Debug|Any CPU
		{939B0315-B687-4BB0-82A0-55BEF479768A}.Debug|Any CPU.Build.0 = Debug|Any CPU
		{939B0315-B687-4BB0-82A0-55BEF479768A}.Release|Any CPU.ActiveCfg = Release|Any CPU
		{939B0315-B687-4BB0-82A0-55BEF479768A}.Release|Any CPU.Build.0 = Release|Any CPU
		{5F3E49C9-83BC-4FF2-A8E7-B52ED7D6947F}.Debug|Any CPU.ActiveCfg = Debug|Any CPU
		{5F3E49C9-83BC-4FF2-A8E7-B52ED7D6947F}.Debug|Any CPU.Build.0 = Debug|Any CPU
		{5F3E49C9-83BC-4FF2-A8E7-B52ED7D6947F}.Release|Any CPU.ActiveCfg = Release|Any CPU
		{5F3E49C9-83BC-4FF2-A8E7-B52ED7D6947F}.Release|Any CPU.Build.0 = Release|Any CPU
		{B4306840-D3FC-4279-8A88-C719626ACF86}.Debug|Any CPU.ActiveCfg = Debug|Any CPU
		{B4306840-D3FC-4279-8A88-C719626ACF86}.Debug|Any CPU.Build.0 = Debug|Any CPU
		{B4306840-D3FC-4279-8A88-C719626ACF86}.Release|Any CPU.ActiveCfg = Release|Any CPU
		{B4306840-D3FC-4279-8A88-C719626ACF86}.Release|Any CPU.Build.0 = Release|Any CPU
		{4EF8B6E9-CE51-4931-9F6E-5B6006059186}.Debug|Any CPU.ActiveCfg = Debug|Any CPU
		{4EF8B6E9-CE51-4931-9F6E-5B6006059186}.Debug|Any CPU.Build.0 = Debug|Any CPU
		{4EF8B6E9-CE51-4931-9F6E-5B6006059186}.Release|Any CPU.ActiveCfg = Release|Any CPU
		{4EF8B6E9-CE51-4931-9F6E-5B6006059186}.Release|Any CPU.Build.0 = Release|Any CPU
		{09544CDB-D558-4839-B8D9-679B099BE7E5}.Debug|Any CPU.ActiveCfg = Debug|Any CPU
		{09544CDB-D558-4839-B8D9-679B099BE7E5}.Debug|Any CPU.Build.0 = Debug|Any CPU
		{09544CDB-D558-4839-B8D9-679B099BE7E5}.Release|Any CPU.ActiveCfg = Release|Any CPU
		{09544CDB-D558-4839-B8D9-679B099BE7E5}.Release|Any CPU.Build.0 = Release|Any CPU
		{7711D8AF-D12A-4578-991C-B6908DC34BE5}.Debug|Any CPU.ActiveCfg = Debug|Any CPU
		{7711D8AF-D12A-4578-991C-B6908DC34BE5}.Debug|Any CPU.Build.0 = Debug|Any CPU
		{7711D8AF-D12A-4578-991C-B6908DC34BE5}.Release|Any CPU.ActiveCfg = Release|Any CPU
		{7711D8AF-D12A-4578-991C-B6908DC34BE5}.Release|Any CPU.Build.0 = Release|Any CPU
		{DE7CE9F4-3E97-42EF-B212-25B9F267FE48}.Debug|Any CPU.ActiveCfg = Debug|Any CPU
		{DE7CE9F4-3E97-42EF-B212-25B9F267FE48}.Debug|Any CPU.Build.0 = Debug|Any CPU
		{DE7CE9F4-3E97-42EF-B212-25B9F267FE48}.Release|Any CPU.ActiveCfg = Release|Any CPU
		{DE7CE9F4-3E97-42EF-B212-25B9F267FE48}.Release|Any CPU.Build.0 = Release|Any CPU
		{6EE754EB-B9AA-4CA9-AE74-02CAF40787B7}.Debug|Any CPU.ActiveCfg = Debug|Any CPU
		{6EE754EB-B9AA-4CA9-AE74-02CAF40787B7}.Debug|Any CPU.Build.0 = Debug|Any CPU
		{6EE754EB-B9AA-4CA9-AE74-02CAF40787B7}.Release|Any CPU.ActiveCfg = Release|Any CPU
		{6EE754EB-B9AA-4CA9-AE74-02CAF40787B7}.Release|Any CPU.Build.0 = Release|Any CPU
		{1163D3F1-343D-42DF-A24A-BE6EA52F5C56}.Debug|Any CPU.ActiveCfg = Debug|Any CPU
		{1163D3F1-343D-42DF-A24A-BE6EA52F5C56}.Debug|Any CPU.Build.0 = Debug|Any CPU
		{1163D3F1-343D-42DF-A24A-BE6EA52F5C56}.Release|Any CPU.ActiveCfg = Release|Any CPU
		{1163D3F1-343D-42DF-A24A-BE6EA52F5C56}.Release|Any CPU.Build.0 = Release|Any CPU
		{F7F0CC9D-1026-4DA6-9E86-E671828DB7B4}.Debug|Any CPU.ActiveCfg = Debug|Any CPU
		{F7F0CC9D-1026-4DA6-9E86-E671828DB7B4}.Debug|Any CPU.Build.0 = Debug|Any CPU
		{F7F0CC9D-1026-4DA6-9E86-E671828DB7B4}.Release|Any CPU.ActiveCfg = Release|Any CPU
		{F7F0CC9D-1026-4DA6-9E86-E671828DB7B4}.Release|Any CPU.Build.0 = Release|Any CPU
		{544DDAA3-B8CE-4250-BEAD-EB5A6DD6C566}.Debug|Any CPU.ActiveCfg = Debug|Any CPU
		{544DDAA3-B8CE-4250-BEAD-EB5A6DD6C566}.Debug|Any CPU.Build.0 = Debug|Any CPU
		{544DDAA3-B8CE-4250-BEAD-EB5A6DD6C566}.Release|Any CPU.ActiveCfg = Release|Any CPU
		{544DDAA3-B8CE-4250-BEAD-EB5A6DD6C566}.Release|Any CPU.Build.0 = Release|Any CPU
		{44FBF102-9AF4-4501-B190-3133F3ADE986}.Debug|Any CPU.ActiveCfg = Debug|Any CPU
		{44FBF102-9AF4-4501-B190-3133F3ADE986}.Debug|Any CPU.Build.0 = Debug|Any CPU
		{44FBF102-9AF4-4501-B190-3133F3ADE986}.Release|Any CPU.ActiveCfg = Release|Any CPU
		{44FBF102-9AF4-4501-B190-3133F3ADE986}.Release|Any CPU.Build.0 = Release|Any CPU
		{6A671E78-5EE6-4558-9A34-8BCB18EF547F}.Debug|Any CPU.ActiveCfg = Debug|Any CPU
		{6A671E78-5EE6-4558-9A34-8BCB18EF547F}.Debug|Any CPU.Build.0 = Debug|Any CPU
		{6A671E78-5EE6-4558-9A34-8BCB18EF547F}.Release|Any CPU.ActiveCfg = Release|Any CPU
		{6A671E78-5EE6-4558-9A34-8BCB18EF547F}.Release|Any CPU.Build.0 = Release|Any CPU
	EndGlobalSection
	GlobalSection(SolutionProperties) = preSolution
		HideSolutionNode = FALSE
	EndGlobalSection
	GlobalSection(NestedProjects) = preSolution
		{8C218007-3A65-4E63-BFB7-0EA7E99ED81C} = {912F9436-BAE5-4857-B535-D655067CC7A3}
		{8AF66511-563A-46BD-91A7-BDB0C180608E} = {912F9436-BAE5-4857-B535-D655067CC7A3}
		{786CC2D6-7F0B-4487-8992-4BD38886853B} = {912F9436-BAE5-4857-B535-D655067CC7A3}
		{7364021C-B6C3-41A5-9344-C1622176C15E} = {8AF66511-563A-46BD-91A7-BDB0C180608E}
		{F7241D6F-EF6E-404F-A068-A5AC393EFD4C} = {8AF66511-563A-46BD-91A7-BDB0C180608E}
		{58600D4D-7B4F-46CB-91FE-1089EF19BF36} = {8AF66511-563A-46BD-91A7-BDB0C180608E}
		{B0C4BA64-63E8-4225-B5A1-A6540F819308} = {8AF66511-563A-46BD-91A7-BDB0C180608E}
		{96F10007-3082-4E0E-962D-6C5E804F43B0} = {8AF66511-563A-46BD-91A7-BDB0C180608E}
		{939B0315-B687-4BB0-82A0-55BEF479768A} = {8AF66511-563A-46BD-91A7-BDB0C180608E}
		{5F3E49C9-83BC-4FF2-A8E7-B52ED7D6947F} = {786CC2D6-7F0B-4487-8992-4BD38886853B}
		{B4306840-D3FC-4279-8A88-C719626ACF86} = {786CC2D6-7F0B-4487-8992-4BD38886853B}
		{D9BAB067-BDCA-4E5F-A606-AB107B056D71} = {9D3DEB65-AD37-4514-9294-56614747DB91}
		{CE0478C3-5CAF-48C3-B423-34B590114BB1} = {9D3DEB65-AD37-4514-9294-56614747DB91}
		{4EF8B6E9-CE51-4931-9F6E-5B6006059186} = {CE0478C3-5CAF-48C3-B423-34B590114BB1}
		{09544CDB-D558-4839-B8D9-679B099BE7E5} = {CE0478C3-5CAF-48C3-B423-34B590114BB1}
		{7711D8AF-D12A-4578-991C-B6908DC34BE5} = {CE0478C3-5CAF-48C3-B423-34B590114BB1}
		{DE7CE9F4-3E97-42EF-B212-25B9F267FE48} = {CE0478C3-5CAF-48C3-B423-34B590114BB1}
		{6EE754EB-B9AA-4CA9-AE74-02CAF40787B7} = {CE0478C3-5CAF-48C3-B423-34B590114BB1}
		{1163D3F1-343D-42DF-A24A-BE6EA52F5C56} = {CE0478C3-5CAF-48C3-B423-34B590114BB1}
		{F7F0CC9D-1026-4DA6-9E86-E671828DB7B4} = {D9BAB067-BDCA-4E5F-A606-AB107B056D71}
		{544DDAA3-B8CE-4250-BEAD-EB5A6DD6C566} = {D9BAB067-BDCA-4E5F-A606-AB107B056D71}
		{44FBF102-9AF4-4501-B190-3133F3ADE986} = {D9BAB067-BDCA-4E5F-A606-AB107B056D71}
		{134C1CFA-6BB7-4D94-AFB3-FFC3DB725B6E} = {0A47A452-DE78-4F36-AA0E-5D71D0BF925A}
		{C5BC8785-0ECA-4CED-A414-234D9767AB36} = {0A47A452-DE78-4F36-AA0E-5D71D0BF925A}
		{6A671E78-5EE6-4558-9A34-8BCB18EF547F} = {134C1CFA-6BB7-4D94-AFB3-FFC3DB725B6E}
	EndGlobalSection
	GlobalSection(ExtensibilityGlobals) = postSolution
		SolutionGuid = {867FE578-C7B8-4C89-A874-AB18A58F3D5B}
	EndGlobalSection
EndGlobal
